// !$*UTF8*$!
{
	archiveVersion = 1;
	classes = {
	};
	objectVersion = 56;
	objects = {

/* Begin PBXBuildFile section */
		9B445DA72994C6C600EE436E /* Color.swift in Sources */ = {isa = PBXBuildFile; fileRef = 9B445DA62994C6C600EE436E /* Color.swift */; };
		9B445DA92994C6E700EE436E /* GDS.swift in Sources */ = {isa = PBXBuildFile; fileRef = 9B445DA82994C6E700EE436E /* GDS.swift */; };
		9B445DAC2994C7BF00EE436E /* Color+Extension.swift in Sources */ = {isa = PBXBuildFile; fileRef = 9B445DAB2994C7BF00EE436E /* Color+Extension.swift */; };
		9B445DAE2994C88E00EE436E /* Font+Extension.swift in Sources */ = {isa = PBXBuildFile; fileRef = 9B445DAD2994C88E00EE436E /* Font+Extension.swift */; };
		9B445DE52994ECD600EE436E /* JejuMyeongjoOTF.otf in Resources */ = {isa = PBXBuildFile; fileRef = 9B445DE42994ECD600EE436E /* JejuMyeongjoOTF.otf */; };
		9B445DEB2994F2AD00EE436E /* KoPubBatangLight.ttf in Resources */ = {isa = PBXBuildFile; fileRef = 9B445DEA2994F2AD00EE436E /* KoPubBatangLight.ttf */; };
		9B445DEE2995312F00EE436E /* KoPubBatangMedium.ttf in Resources */ = {isa = PBXBuildFile; fileRef = 9B445DED2995312F00EE436E /* KoPubBatangMedium.ttf */; };
		9B5320EB29892B6200F317FD /* GalpiPostView.swift in Sources */ = {isa = PBXBuildFile; fileRef = 9B5320EA29892B6200F317FD /* GalpiPostView.swift */; };
		9B5320ED29892B8900F317FD /* FieldView.swift in Sources */ = {isa = PBXBuildFile; fileRef = 9B5320EC29892B8900F317FD /* FieldView.swift */; };
		9B5320EF29892BA700F317FD /* TextLineView.swift in Sources */ = {isa = PBXBuildFile; fileRef = 9B5320EE29892BA700F317FD /* TextLineView.swift */; };
		9B5320F229895F3000F317FD /* GalpiPostViewModel.swift in Sources */ = {isa = PBXBuildFile; fileRef = 9B5320F129895F3000F317FD /* GalpiPostViewModel.swift */; };
		9BB2220B298EBB4F00C25038 /* GalpiTextEditorView.swift in Sources */ = {isa = PBXBuildFile; fileRef = 9BB2220A298EBB4F00C25038 /* GalpiTextEditorView.swift */; };
		9BE87B3B2990E6E8002A1B4E /* CalendarView.swift in Sources */ = {isa = PBXBuildFile; fileRef = 9BE87B3A2990E6E8002A1B4E /* CalendarView.swift */; };
		FD5F78BD2995731500075C7D /* TabBarContainerView.swift in Sources */ = {isa = PBXBuildFile; fileRef = FD5F78BC2995731500075C7D /* TabBarContainerView.swift */; };
		FD8949F22988FFE3003E759D /* galpiApp.swift in Sources */ = {isa = PBXBuildFile; fileRef = FD8949F12988FFE3003E759D /* galpiApp.swift */; };
		FD8949F62988FFE5003E759D /* Assets.xcassets in Resources */ = {isa = PBXBuildFile; fileRef = FD8949F52988FFE5003E759D /* Assets.xcassets */; };
		FD8949F92988FFE5003E759D /* Preview Assets.xcassets in Resources */ = {isa = PBXBuildFile; fileRef = FD8949F82988FFE5003E759D /* Preview Assets.xcassets */; };
		FD894A032988FFE5003E759D /* galpiTests.swift in Sources */ = {isa = PBXBuildFile; fileRef = FD894A022988FFE5003E759D /* galpiTests.swift */; };
		FD894A0D2988FFE5003E759D /* galpiUITests.swift in Sources */ = {isa = PBXBuildFile; fileRef = FD894A0C2988FFE5003E759D /* galpiUITests.swift */; };
		FD894A0F2988FFE5003E759D /* galpiUITestsLaunchTests.swift in Sources */ = {isa = PBXBuildFile; fileRef = FD894A0E2988FFE5003E759D /* galpiUITestsLaunchTests.swift */; };
		FD894A1D29890958003E759D /* GalpiGridView.swift in Sources */ = {isa = PBXBuildFile; fileRef = FD894A1C29890958003E759D /* GalpiGridView.swift */; };
		FD894A2129891276003E759D /* GalpiGridCellView.swift in Sources */ = {isa = PBXBuildFile; fileRef = FD894A2029891276003E759D /* GalpiGridCellView.swift */; };
		FD894A2329897C39003E759D /* MockCenter.swift in Sources */ = {isa = PBXBuildFile; fileRef = FD894A2229897C39003E759D /* MockCenter.swift */; };
		FD894A262989AEC3003E759D /* Galpi.swift in Sources */ = {isa = PBXBuildFile; fileRef = FD894A252989AEC3003E759D /* Galpi.swift */; };
		FDA7E49E2997FF890040F0A3 /* GoogleService-Info.plist in Resources */ = {isa = PBXBuildFile; fileRef = FDA7E49D2997FF890040F0A3 /* GoogleService-Info.plist */; };
		FDA7E4A1299829070040F0A3 /* FirebaseAnalytics in Frameworks */ = {isa = PBXBuildFile; productRef = FDA7E4A0299829070040F0A3 /* FirebaseAnalytics */; };
		FDA7E4A3299829070040F0A3 /* FirebaseAnalyticsSwift in Frameworks */ = {isa = PBXBuildFile; productRef = FDA7E4A2299829070040F0A3 /* FirebaseAnalyticsSwift */; };
		FDA7E4A5299829070040F0A3 /* FirebaseAuth in Frameworks */ = {isa = PBXBuildFile; productRef = FDA7E4A4299829070040F0A3 /* FirebaseAuth */; };
		FDA7E4A82999306E0040F0A3 /* LoginView.swift in Sources */ = {isa = PBXBuildFile; fileRef = FDA7E4A72999306E0040F0A3 /* LoginView.swift */; };
		FDA7E4AA2999358C0040F0A3 /* LoginViewModel.swift in Sources */ = {isa = PBXBuildFile; fileRef = FDA7E4A92999358C0040F0A3 /* LoginViewModel.swift */; };
		FDA7E4F1299F19DE0040F0A3 /* SocialLoginCredential.swift in Sources */ = {isa = PBXBuildFile; fileRef = FDA7E4F0299F19DE0040F0A3 /* SocialLoginCredential.swift */; };
		FDA7E4F3299F1B350040F0A3 /* NonceManager.swift in Sources */ = {isa = PBXBuildFile; fileRef = FDA7E4F2299F1B350040F0A3 /* NonceManager.swift */; };
		FDA7E4F5299F1E250040F0A3 /* AppleLoginManager.swift in Sources */ = {isa = PBXBuildFile; fileRef = FDA7E4F4299F1E250040F0A3 /* AppleLoginManager.swift */; };
		FDA7E4F7299FD96B0040F0A3 /* FirebaseAuthService.swift in Sources */ = {isa = PBXBuildFile; fileRef = FDA7E4F6299FD96B0040F0A3 /* FirebaseAuthService.swift */; };
		FDE273A429A100A900DDD6B3 /* SocialLoginManagerProtocol.swift in Sources */ = {isa = PBXBuildFile; fileRef = FDE273A329A100A900DDD6B3 /* SocialLoginManagerProtocol.swift */; };
		FDE273A829A2053E00DDD6B3 /* SocialLogin.swift in Sources */ = {isa = PBXBuildFile; fileRef = FDE273A729A2053E00DDD6B3 /* SocialLogin.swift */; };
		FDEFAB7B29BF6C6B00AE1591 /* View+Extension.swift in Sources */ = {isa = PBXBuildFile; fileRef = FDEFAB7A29BF6C6B00AE1591 /* View+Extension.swift */; };
/* End PBXBuildFile section */

/* Begin PBXContainerItemProxy section */
		FD8949FF2988FFE5003E759D /* PBXContainerItemProxy */ = {
			isa = PBXContainerItemProxy;
			containerPortal = FD8949E62988FFE3003E759D /* Project object */;
			proxyType = 1;
			remoteGlobalIDString = FD8949ED2988FFE3003E759D;
			remoteInfo = galpi;
		};
		FD894A092988FFE5003E759D /* PBXContainerItemProxy */ = {
			isa = PBXContainerItemProxy;
			containerPortal = FD8949E62988FFE3003E759D /* Project object */;
			proxyType = 1;
			remoteGlobalIDString = FD8949ED2988FFE3003E759D;
			remoteInfo = galpi;
		};
/* End PBXContainerItemProxy section */

/* Begin PBXFileReference section */
		9B445DA62994C6C600EE436E /* Color.swift */ = {isa = PBXFileReference; lastKnownFileType = sourcecode.swift; path = Color.swift; sourceTree = "<group>"; };
		9B445DA82994C6E700EE436E /* GDS.swift */ = {isa = PBXFileReference; lastKnownFileType = sourcecode.swift; path = GDS.swift; sourceTree = "<group>"; };
		9B445DAB2994C7BF00EE436E /* Color+Extension.swift */ = {isa = PBXFileReference; lastKnownFileType = sourcecode.swift; path = "Color+Extension.swift"; sourceTree = "<group>"; };
		9B445DAD2994C88E00EE436E /* Font+Extension.swift */ = {isa = PBXFileReference; lastKnownFileType = sourcecode.swift; path = "Font+Extension.swift"; sourceTree = "<group>"; };
		9B445DE42994ECD600EE436E /* JejuMyeongjoOTF.otf */ = {isa = PBXFileReference; lastKnownFileType = file; path = JejuMyeongjoOTF.otf; sourceTree = "<group>"; };
		9B445DEA2994F2AD00EE436E /* KoPubBatangLight.ttf */ = {isa = PBXFileReference; lastKnownFileType = file; path = KoPubBatangLight.ttf; sourceTree = "<group>"; };
		9B445DED2995312F00EE436E /* KoPubBatangMedium.ttf */ = {isa = PBXFileReference; lastKnownFileType = file; path = KoPubBatangMedium.ttf; sourceTree = "<group>"; };
		9B5320EA29892B6200F317FD /* GalpiPostView.swift */ = {isa = PBXFileReference; lastKnownFileType = sourcecode.swift; path = GalpiPostView.swift; sourceTree = "<group>"; };
		9B5320EC29892B8900F317FD /* FieldView.swift */ = {isa = PBXFileReference; lastKnownFileType = sourcecode.swift; path = FieldView.swift; sourceTree = "<group>"; };
		9B5320EE29892BA700F317FD /* TextLineView.swift */ = {isa = PBXFileReference; lastKnownFileType = sourcecode.swift; path = TextLineView.swift; sourceTree = "<group>"; };
		9B5320F129895F3000F317FD /* GalpiPostViewModel.swift */ = {isa = PBXFileReference; lastKnownFileType = sourcecode.swift; path = GalpiPostViewModel.swift; sourceTree = "<group>"; };
		9BB2220A298EBB4F00C25038 /* GalpiTextEditorView.swift */ = {isa = PBXFileReference; lastKnownFileType = sourcecode.swift; path = GalpiTextEditorView.swift; sourceTree = "<group>"; };
		9BE87B3A2990E6E8002A1B4E /* CalendarView.swift */ = {isa = PBXFileReference; lastKnownFileType = sourcecode.swift; path = CalendarView.swift; sourceTree = "<group>"; };
		FD5F78BC2995731500075C7D /* TabBarContainerView.swift */ = {isa = PBXFileReference; fileEncoding = 4; lastKnownFileType = sourcecode.swift; path = TabBarContainerView.swift; sourceTree = "<group>"; };
		FD8949EE2988FFE3003E759D /* galpi.app */ = {isa = PBXFileReference; explicitFileType = wrapper.application; includeInIndex = 0; path = galpi.app; sourceTree = BUILT_PRODUCTS_DIR; };
		FD8949F12988FFE3003E759D /* galpiApp.swift */ = {isa = PBXFileReference; lastKnownFileType = sourcecode.swift; path = galpiApp.swift; sourceTree = "<group>"; };
		FD8949F52988FFE5003E759D /* Assets.xcassets */ = {isa = PBXFileReference; lastKnownFileType = folder.assetcatalog; path = Assets.xcassets; sourceTree = "<group>"; };
		FD8949F82988FFE5003E759D /* Preview Assets.xcassets */ = {isa = PBXFileReference; lastKnownFileType = folder.assetcatalog; path = "Preview Assets.xcassets"; sourceTree = "<group>"; };
		FD8949FE2988FFE5003E759D /* galpiTests.xctest */ = {isa = PBXFileReference; explicitFileType = wrapper.cfbundle; includeInIndex = 0; path = galpiTests.xctest; sourceTree = BUILT_PRODUCTS_DIR; };
		FD894A022988FFE5003E759D /* galpiTests.swift */ = {isa = PBXFileReference; lastKnownFileType = sourcecode.swift; path = galpiTests.swift; sourceTree = "<group>"; };
		FD894A082988FFE5003E759D /* galpiUITests.xctest */ = {isa = PBXFileReference; explicitFileType = wrapper.cfbundle; includeInIndex = 0; path = galpiUITests.xctest; sourceTree = BUILT_PRODUCTS_DIR; };
		FD894A0C2988FFE5003E759D /* galpiUITests.swift */ = {isa = PBXFileReference; lastKnownFileType = sourcecode.swift; path = galpiUITests.swift; sourceTree = "<group>"; };
		FD894A0E2988FFE5003E759D /* galpiUITestsLaunchTests.swift */ = {isa = PBXFileReference; lastKnownFileType = sourcecode.swift; path = galpiUITestsLaunchTests.swift; sourceTree = "<group>"; };
		FD894A1C29890958003E759D /* GalpiGridView.swift */ = {isa = PBXFileReference; lastKnownFileType = sourcecode.swift; path = GalpiGridView.swift; sourceTree = "<group>"; };
		FD894A2029891276003E759D /* GalpiGridCellView.swift */ = {isa = PBXFileReference; lastKnownFileType = sourcecode.swift; path = GalpiGridCellView.swift; sourceTree = "<group>"; };
		FD894A2229897C39003E759D /* MockCenter.swift */ = {isa = PBXFileReference; lastKnownFileType = sourcecode.swift; path = MockCenter.swift; sourceTree = "<group>"; };
		FD894A252989AEC3003E759D /* Galpi.swift */ = {isa = PBXFileReference; lastKnownFileType = sourcecode.swift; path = Galpi.swift; sourceTree = "<group>"; };
		FDA7E49D2997FF890040F0A3 /* GoogleService-Info.plist */ = {isa = PBXFileReference; fileEncoding = 4; lastKnownFileType = text.plist.xml; path = "GoogleService-Info.plist"; sourceTree = "<group>"; };
		FDA7E4A72999306E0040F0A3 /* LoginView.swift */ = {isa = PBXFileReference; lastKnownFileType = sourcecode.swift; path = LoginView.swift; sourceTree = "<group>"; };
		FDA7E4A92999358C0040F0A3 /* LoginViewModel.swift */ = {isa = PBXFileReference; lastKnownFileType = sourcecode.swift; path = LoginViewModel.swift; sourceTree = "<group>"; };
		FDA7E4F0299F19DE0040F0A3 /* SocialLoginCredential.swift */ = {isa = PBXFileReference; lastKnownFileType = sourcecode.swift; path = SocialLoginCredential.swift; sourceTree = "<group>"; };
		FDA7E4F2299F1B350040F0A3 /* NonceManager.swift */ = {isa = PBXFileReference; lastKnownFileType = sourcecode.swift; path = NonceManager.swift; sourceTree = "<group>"; };
		FDA7E4F4299F1E250040F0A3 /* AppleLoginManager.swift */ = {isa = PBXFileReference; lastKnownFileType = sourcecode.swift; path = AppleLoginManager.swift; sourceTree = "<group>"; };
		FDA7E4F6299FD96B0040F0A3 /* FirebaseAuthService.swift */ = {isa = PBXFileReference; lastKnownFileType = sourcecode.swift; path = FirebaseAuthService.swift; sourceTree = "<group>"; };
		FDE2739F29A0A9EF00DDD6B3 /* galpi.entitlements */ = {isa = PBXFileReference; lastKnownFileType = text.plist.entitlements; path = galpi.entitlements; sourceTree = "<group>"; };
		FDE273A329A100A900DDD6B3 /* SocialLoginManagerProtocol.swift */ = {isa = PBXFileReference; lastKnownFileType = sourcecode.swift; path = SocialLoginManagerProtocol.swift; sourceTree = "<group>"; };
		FDE273A729A2053E00DDD6B3 /* SocialLogin.swift */ = {isa = PBXFileReference; lastKnownFileType = sourcecode.swift; path = SocialLogin.swift; sourceTree = "<group>"; };
		FDEFAB7A29BF6C6B00AE1591 /* View+Extension.swift */ = {isa = PBXFileReference; lastKnownFileType = sourcecode.swift; path = "View+Extension.swift"; sourceTree = "<group>"; };
/* End PBXFileReference section */

/* Begin PBXFrameworksBuildPhase section */
		FD8949EB2988FFE3003E759D /* Frameworks */ = {
			isa = PBXFrameworksBuildPhase;
			buildActionMask = 2147483647;
			files = (
				FDA7E4A3299829070040F0A3 /* FirebaseAnalyticsSwift in Frameworks */,
				FDA7E4A5299829070040F0A3 /* FirebaseAuth in Frameworks */,
				FDA7E4A1299829070040F0A3 /* FirebaseAnalytics in Frameworks */,
			);
			runOnlyForDeploymentPostprocessing = 0;
		};
		FD8949FB2988FFE5003E759D /* Frameworks */ = {
			isa = PBXFrameworksBuildPhase;
			buildActionMask = 2147483647;
			files = (
			);
			runOnlyForDeploymentPostprocessing = 0;
		};
		FD894A052988FFE5003E759D /* Frameworks */ = {
			isa = PBXFrameworksBuildPhase;
			buildActionMask = 2147483647;
			files = (
			);
			runOnlyForDeploymentPostprocessing = 0;
		};
/* End PBXFrameworksBuildPhase section */

/* Begin PBXGroup section */
		9B445DA52994C69D00EE436E /* GDS */ = {
			isa = PBXGroup;
			children = (
				9B445DA82994C6E700EE436E /* GDS.swift */,
				9B445DA62994C6C600EE436E /* Color.swift */,
			);
			path = GDS;
			sourceTree = "<group>";
		};
		9B445DAA2994C79B00EE436E /* Extension */ = {
			isa = PBXGroup;
			children = (
				9B445DAB2994C7BF00EE436E /* Color+Extension.swift */,
				9B445DAD2994C88E00EE436E /* Font+Extension.swift */,
				FDEFAB7A29BF6C6B00AE1591 /* View+Extension.swift */,
			);
			path = Extension;
			sourceTree = "<group>";
		};
		9B445DAF2994C96800EE436E /* Resources */ = {
			isa = PBXGroup;
			children = (
				9B445DB02994C99300EE436E /* Font */,
			);
			path = Resources;
			sourceTree = "<group>";
		};
		9B445DB02994C99300EE436E /* Font */ = {
			isa = PBXGroup;
			children = (
				9B445DEC2994F63D00EE436E /* JejuMyeongjo */,
				9B445DC62994D73400EE436E /* KoPubBatang */,
			);
			path = Font;
			sourceTree = "<group>";
		};
		9B445DC62994D73400EE436E /* KoPubBatang */ = {
			isa = PBXGroup;
			children = (
				9B445DED2995312F00EE436E /* KoPubBatangMedium.ttf */,
				9B445DEA2994F2AD00EE436E /* KoPubBatangLight.ttf */,
			);
			path = KoPubBatang;
			sourceTree = "<group>";
		};
		9B445DEC2994F63D00EE436E /* JejuMyeongjo */ = {
			isa = PBXGroup;
			children = (
				9B445DE42994ECD600EE436E /* JejuMyeongjoOTF.otf */,
			);
			path = JejuMyeongjo;
			sourceTree = "<group>";
		};
		9B5320E929892B4400F317FD /* GalpiPost */ = {
			isa = PBXGroup;
			children = (
				9B5320F029895E2800F317FD /* SubViews */,
				9B5320EA29892B6200F317FD /* GalpiPostView.swift */,
				9B5320F129895F3000F317FD /* GalpiPostViewModel.swift */,
				9BB2220A298EBB4F00C25038 /* GalpiTextEditorView.swift */,
			);
			path = GalpiPost;
			sourceTree = "<group>";
		};
		9B5320F029895E2800F317FD /* SubViews */ = {
			isa = PBXGroup;
			children = (
				9B5320EC29892B8900F317FD /* FieldView.swift */,
				9B5320EE29892BA700F317FD /* TextLineView.swift */,
				9BE87B3A2990E6E8002A1B4E /* CalendarView.swift */,
			);
			path = SubViews;
			sourceTree = "<group>";
		};
		9BE32DF42993820E002C1D86 /* Domain */ = {
			isa = PBXGroup;
			children = (
				FD5F78BB2995731500075C7D /* Common */,
				FDA7E4A62999303B0040F0A3 /* Login */,
				FD894A1B298908CD003E759D /* GalpiGrid */,
				9B5320E929892B4400F317FD /* GalpiPost */,
			);
			path = Domain;
			sourceTree = "<group>";
		};
		9BE32DF52993822E002C1D86 /* Entry */ = {
			isa = PBXGroup;
			children = (
				FD8949F12988FFE3003E759D /* galpiApp.swift */,
			);
			path = Entry;
			sourceTree = "<group>";
		};
		9BE32DF6299382F5002C1D86 /* SupportFiles */ = {
			isa = PBXGroup;
			children = (
				FD8949F52988FFE5003E759D /* Assets.xcassets */,
				FDA7E49D2997FF890040F0A3 /* GoogleService-Info.plist */,
			);
			path = SupportFiles;
			sourceTree = "<group>";
		};
		FD5F78BB2995731500075C7D /* Common */ = {
			isa = PBXGroup;
			children = (
				FD5F78BC2995731500075C7D /* TabBarContainerView.swift */,
			);
			path = Common;
			sourceTree = "<group>";
		};
		FD8949E52988FFE3003E759D = {
			isa = PBXGroup;
			children = (
				FD894A2229897C39003E759D /* MockCenter.swift */,
				FD8949F02988FFE3003E759D /* galpi */,
				9B445DA52994C69D00EE436E /* GDS */,
				FD894A012988FFE5003E759D /* galpiTests */,
				FD894A0B2988FFE5003E759D /* galpiUITests */,
				FD8949EF2988FFE3003E759D /* Products */,
			);
			sourceTree = "<group>";
		};
		FD8949EF2988FFE3003E759D /* Products */ = {
			isa = PBXGroup;
			children = (
				FD8949EE2988FFE3003E759D /* galpi.app */,
				FD8949FE2988FFE5003E759D /* galpiTests.xctest */,
				FD894A082988FFE5003E759D /* galpiUITests.xctest */,
			);
			name = Products;
			sourceTree = "<group>";
		};
		FD8949F02988FFE3003E759D /* galpi */ = {
			isa = PBXGroup;
			children = (
				FDE2739F29A0A9EF00DDD6B3 /* galpi.entitlements */,
				9BE32DF52993822E002C1D86 /* Entry */,
				FD894A29298A2616003E759D /* Entities */,
				FDE273AD29A21C8600DDD6B3 /* Services */,
				9BE32DF42993820E002C1D86 /* Domain */,
				9B445DAA2994C79B00EE436E /* Extension */,
				FD8949F72988FFE5003E759D /* Preview Content */,
				9B445DAF2994C96800EE436E /* Resources */,
				9BE32DF6299382F5002C1D86 /* SupportFiles */,
			);
			path = galpi;
			sourceTree = "<group>";
		};
		FD8949F72988FFE5003E759D /* Preview Content */ = {
			isa = PBXGroup;
			children = (
				FD8949F82988FFE5003E759D /* Preview Assets.xcassets */,
			);
			path = "Preview Content";
			sourceTree = "<group>";
		};
		FD894A012988FFE5003E759D /* galpiTests */ = {
			isa = PBXGroup;
			children = (
				FD894A022988FFE5003E759D /* galpiTests.swift */,
			);
			path = galpiTests;
			sourceTree = "<group>";
		};
		FD894A0B2988FFE5003E759D /* galpiUITests */ = {
			isa = PBXGroup;
			children = (
				FD894A0C2988FFE5003E759D /* galpiUITests.swift */,
				FD894A0E2988FFE5003E759D /* galpiUITestsLaunchTests.swift */,
			);
			path = galpiUITests;
			sourceTree = "<group>";
		};
		FD894A1B298908CD003E759D /* GalpiGrid */ = {
			isa = PBXGroup;
			children = (
				FD894A1C29890958003E759D /* GalpiGridView.swift */,
				FD894A2029891276003E759D /* GalpiGridCellView.swift */,
			);
			path = GalpiGrid;
			sourceTree = "<group>";
		};
		FD894A29298A2616003E759D /* Entities */ = {
			isa = PBXGroup;
			children = (
				FD894A252989AEC3003E759D /* Galpi.swift */,
			);
			path = Entities;
			sourceTree = "<group>";
		};
		FDA7E4A62999303B0040F0A3 /* Login */ = {
			isa = PBXGroup;
			children = (
				FDA7E4A72999306E0040F0A3 /* LoginView.swift */,
				FDA7E4A92999358C0040F0A3 /* LoginViewModel.swift */,
			);
			path = Login;
			sourceTree = "<group>";
		};
		FDE273AD29A21C8600DDD6B3 /* Services */ = {
			isa = PBXGroup;
			children = (
				FDE273AE29A21C9C00DDD6B3 /* OAuth */,
			);
			path = Services;
			sourceTree = "<group>";
		};
		FDE273AE29A21C9C00DDD6B3 /* OAuth */ = {
			isa = PBXGroup;
			children = (
				FDA7E4F6299FD96B0040F0A3 /* FirebaseAuthService.swift */,
				FDA7E4F0299F19DE0040F0A3 /* SocialLoginCredential.swift */,
				FDA7E4F2299F1B350040F0A3 /* NonceManager.swift */,
				FDE273AF29A21EC100DDD6B3 /* SocialLogin */,
			);
			path = OAuth;
			sourceTree = "<group>";
		};
		FDE273AF29A21EC100DDD6B3 /* SocialLogin */ = {
			isa = PBXGroup;
			children = (
				FDE273A329A100A900DDD6B3 /* SocialLoginManagerProtocol.swift */,
				FDA7E4F4299F1E250040F0A3 /* AppleLoginManager.swift */,
				FDE273A729A2053E00DDD6B3 /* SocialLogin.swift */,
			);
			path = SocialLogin;
			sourceTree = "<group>";
		};
/* End PBXGroup section */

/* Begin PBXNativeTarget section */
		FD8949ED2988FFE3003E759D /* galpi */ = {
			isa = PBXNativeTarget;
			buildConfigurationList = FD894A122988FFE5003E759D /* Build configuration list for PBXNativeTarget "galpi" */;
			buildPhases = (
				FD8949EA2988FFE3003E759D /* Sources */,
				FD8949EB2988FFE3003E759D /* Frameworks */,
				FD8949EC2988FFE3003E759D /* Resources */,
			);
			buildRules = (
			);
			dependencies = (
			);
			name = galpi;
			packageProductDependencies = (
				FDA7E4A0299829070040F0A3 /* FirebaseAnalytics */,
				FDA7E4A2299829070040F0A3 /* FirebaseAnalyticsSwift */,
				FDA7E4A4299829070040F0A3 /* FirebaseAuth */,
			);
			productName = galpi;
			productReference = FD8949EE2988FFE3003E759D /* galpi.app */;
			productType = "com.apple.product-type.application";
		};
		FD8949FD2988FFE5003E759D /* galpiTests */ = {
			isa = PBXNativeTarget;
			buildConfigurationList = FD894A152988FFE5003E759D /* Build configuration list for PBXNativeTarget "galpiTests" */;
			buildPhases = (
				FD8949FA2988FFE5003E759D /* Sources */,
				FD8949FB2988FFE5003E759D /* Frameworks */,
				FD8949FC2988FFE5003E759D /* Resources */,
			);
			buildRules = (
			);
			dependencies = (
				FD894A002988FFE5003E759D /* PBXTargetDependency */,
			);
			name = galpiTests;
			productName = galpiTests;
			productReference = FD8949FE2988FFE5003E759D /* galpiTests.xctest */;
			productType = "com.apple.product-type.bundle.unit-test";
		};
		FD894A072988FFE5003E759D /* galpiUITests */ = {
			isa = PBXNativeTarget;
			buildConfigurationList = FD894A182988FFE5003E759D /* Build configuration list for PBXNativeTarget "galpiUITests" */;
			buildPhases = (
				FD894A042988FFE5003E759D /* Sources */,
				FD894A052988FFE5003E759D /* Frameworks */,
				FD894A062988FFE5003E759D /* Resources */,
			);
			buildRules = (
			);
			dependencies = (
				FD894A0A2988FFE5003E759D /* PBXTargetDependency */,
			);
			name = galpiUITests;
			productName = galpiUITests;
			productReference = FD894A082988FFE5003E759D /* galpiUITests.xctest */;
			productType = "com.apple.product-type.bundle.ui-testing";
		};
/* End PBXNativeTarget section */

/* Begin PBXProject section */
		FD8949E62988FFE3003E759D /* Project object */ = {
			isa = PBXProject;
			attributes = {
				BuildIndependentTargetsInParallel = 1;
				LastSwiftUpdateCheck = 1420;
				LastUpgradeCheck = 1420;
				TargetAttributes = {
					FD8949ED2988FFE3003E759D = {
						CreatedOnToolsVersion = 14.2;
					};
					FD8949FD2988FFE5003E759D = {
						CreatedOnToolsVersion = 14.2;
						TestTargetID = FD8949ED2988FFE3003E759D;
					};
					FD894A072988FFE5003E759D = {
						CreatedOnToolsVersion = 14.2;
						TestTargetID = FD8949ED2988FFE3003E759D;
					};
				};
			};
			buildConfigurationList = FD8949E92988FFE3003E759D /* Build configuration list for PBXProject "galpi" */;
			compatibilityVersion = "Xcode 14.0";
			developmentRegion = en;
			hasScannedForEncodings = 0;
			knownRegions = (
				en,
				Base,
			);
			mainGroup = FD8949E52988FFE3003E759D;
			packageReferences = (
				FDA7E49F299829070040F0A3 /* XCRemoteSwiftPackageReference "firebase-ios-sdk" */,
			);
			productRefGroup = FD8949EF2988FFE3003E759D /* Products */;
			projectDirPath = "";
			projectRoot = "";
			targets = (
				FD8949ED2988FFE3003E759D /* galpi */,
				FD8949FD2988FFE5003E759D /* galpiTests */,
				FD894A072988FFE5003E759D /* galpiUITests */,
			);
		};
/* End PBXProject section */

/* Begin PBXResourcesBuildPhase section */
		FD8949EC2988FFE3003E759D /* Resources */ = {
			isa = PBXResourcesBuildPhase;
			buildActionMask = 2147483647;
			files = (
				FD8949F92988FFE5003E759D /* Preview Assets.xcassets in Resources */,
				9B445DEE2995312F00EE436E /* KoPubBatangMedium.ttf in Resources */,
				FD8949F62988FFE5003E759D /* Assets.xcassets in Resources */,
				9B445DE52994ECD600EE436E /* JejuMyeongjoOTF.otf in Resources */,
				9B445DEB2994F2AD00EE436E /* KoPubBatangLight.ttf in Resources */,
				FDA7E49E2997FF890040F0A3 /* GoogleService-Info.plist in Resources */,
			);
			runOnlyForDeploymentPostprocessing = 0;
		};
		FD8949FC2988FFE5003E759D /* Resources */ = {
			isa = PBXResourcesBuildPhase;
			buildActionMask = 2147483647;
			files = (
			);
			runOnlyForDeploymentPostprocessing = 0;
		};
		FD894A062988FFE5003E759D /* Resources */ = {
			isa = PBXResourcesBuildPhase;
			buildActionMask = 2147483647;
			files = (
			);
			runOnlyForDeploymentPostprocessing = 0;
		};
/* End PBXResourcesBuildPhase section */

/* Begin PBXSourcesBuildPhase section */
		FD8949EA2988FFE3003E759D /* Sources */ = {
			isa = PBXSourcesBuildPhase;
			buildActionMask = 2147483647;
			files = (
				9B445DA92994C6E700EE436E /* GDS.swift in Sources */,
				9B5320F229895F3000F317FD /* GalpiPostViewModel.swift in Sources */,
				9B445DAE2994C88E00EE436E /* Font+Extension.swift in Sources */,
				FDE273A429A100A900DDD6B3 /* SocialLoginManagerProtocol.swift in Sources */,
				FDA7E4F1299F19DE0040F0A3 /* SocialLoginCredential.swift in Sources */,
				9BE87B3B2990E6E8002A1B4E /* CalendarView.swift in Sources */,
				9BB2220B298EBB4F00C25038 /* GalpiTextEditorView.swift in Sources */,
				FDEFAB7B29BF6C6B00AE1591 /* View+Extension.swift in Sources */,
				9B5320ED29892B8900F317FD /* FieldView.swift in Sources */,
				FDA7E4AA2999358C0040F0A3 /* LoginViewModel.swift in Sources */,
				9B5320EB29892B6200F317FD /* GalpiPostView.swift in Sources */,
				9B445DA72994C6C600EE436E /* Color.swift in Sources */,
				9B5320EF29892BA700F317FD /* TextLineView.swift in Sources */,
				FDE273A829A2053E00DDD6B3 /* SocialLogin.swift in Sources */,
				FDA7E4F3299F1B350040F0A3 /* NonceManager.swift in Sources */,
				FDA7E4F7299FD96B0040F0A3 /* FirebaseAuthService.swift in Sources */,
				FD5F78BD2995731500075C7D /* TabBarContainerView.swift in Sources */,
				FDA7E4A82999306E0040F0A3 /* LoginView.swift in Sources */,
				FD894A2129891276003E759D /* GalpiGridCellView.swift in Sources */,
				FD894A1D29890958003E759D /* GalpiGridView.swift in Sources */,
				FD8949F22988FFE3003E759D /* galpiApp.swift in Sources */,
				FD894A2329897C39003E759D /* MockCenter.swift in Sources */,
				FD894A262989AEC3003E759D /* Galpi.swift in Sources */,
				9B445DAC2994C7BF00EE436E /* Color+Extension.swift in Sources */,
				FDA7E4F5299F1E250040F0A3 /* AppleLoginManager.swift in Sources */,
			);
			runOnlyForDeploymentPostprocessing = 0;
		};
		FD8949FA2988FFE5003E759D /* Sources */ = {
			isa = PBXSourcesBuildPhase;
			buildActionMask = 2147483647;
			files = (
				FD894A032988FFE5003E759D /* galpiTests.swift in Sources */,
			);
			runOnlyForDeploymentPostprocessing = 0;
		};
		FD894A042988FFE5003E759D /* Sources */ = {
			isa = PBXSourcesBuildPhase;
			buildActionMask = 2147483647;
			files = (
				FD894A0F2988FFE5003E759D /* galpiUITestsLaunchTests.swift in Sources */,
				FD894A0D2988FFE5003E759D /* galpiUITests.swift in Sources */,
			);
			runOnlyForDeploymentPostprocessing = 0;
		};
/* End PBXSourcesBuildPhase section */

/* Begin PBXTargetDependency section */
		FD894A002988FFE5003E759D /* PBXTargetDependency */ = {
			isa = PBXTargetDependency;
			target = FD8949ED2988FFE3003E759D /* galpi */;
			targetProxy = FD8949FF2988FFE5003E759D /* PBXContainerItemProxy */;
		};
		FD894A0A2988FFE5003E759D /* PBXTargetDependency */ = {
			isa = PBXTargetDependency;
			target = FD8949ED2988FFE3003E759D /* galpi */;
			targetProxy = FD894A092988FFE5003E759D /* PBXContainerItemProxy */;
		};
/* End PBXTargetDependency section */

/* Begin XCBuildConfiguration section */
		FD894A102988FFE5003E759D /* Debug */ = {
			isa = XCBuildConfiguration;
			buildSettings = {
				ALWAYS_SEARCH_USER_PATHS = NO;
				CLANG_ANALYZER_NONNULL = YES;
				CLANG_ANALYZER_NUMBER_OBJECT_CONVERSION = YES_AGGRESSIVE;
				CLANG_CXX_LANGUAGE_STANDARD = "gnu++20";
				CLANG_ENABLE_MODULES = YES;
				CLANG_ENABLE_OBJC_ARC = YES;
				CLANG_ENABLE_OBJC_WEAK = YES;
				CLANG_WARN_BLOCK_CAPTURE_AUTORELEASING = YES;
				CLANG_WARN_BOOL_CONVERSION = YES;
				CLANG_WARN_COMMA = YES;
				CLANG_WARN_CONSTANT_CONVERSION = YES;
				CLANG_WARN_DEPRECATED_OBJC_IMPLEMENTATIONS = YES;
				CLANG_WARN_DIRECT_OBJC_ISA_USAGE = YES_ERROR;
				CLANG_WARN_DOCUMENTATION_COMMENTS = YES;
				CLANG_WARN_EMPTY_BODY = YES;
				CLANG_WARN_ENUM_CONVERSION = YES;
				CLANG_WARN_INFINITE_RECURSION = YES;
				CLANG_WARN_INT_CONVERSION = YES;
				CLANG_WARN_NON_LITERAL_NULL_CONVERSION = YES;
				CLANG_WARN_OBJC_IMPLICIT_RETAIN_SELF = YES;
				CLANG_WARN_OBJC_LITERAL_CONVERSION = YES;
				CLANG_WARN_OBJC_ROOT_CLASS = YES_ERROR;
				CLANG_WARN_QUOTED_INCLUDE_IN_FRAMEWORK_HEADER = YES;
				CLANG_WARN_RANGE_LOOP_ANALYSIS = YES;
				CLANG_WARN_STRICT_PROTOTYPES = YES;
				CLANG_WARN_SUSPICIOUS_MOVE = YES;
				CLANG_WARN_UNGUARDED_AVAILABILITY = YES_AGGRESSIVE;
				CLANG_WARN_UNREACHABLE_CODE = YES;
				CLANG_WARN__DUPLICATE_METHOD_MATCH = YES;
				COPY_PHASE_STRIP = NO;
				DEBUG_INFORMATION_FORMAT = dwarf;
				ENABLE_STRICT_OBJC_MSGSEND = YES;
				ENABLE_TESTABILITY = YES;
				GCC_C_LANGUAGE_STANDARD = gnu11;
				GCC_DYNAMIC_NO_PIC = NO;
				GCC_NO_COMMON_BLOCKS = YES;
				GCC_OPTIMIZATION_LEVEL = 0;
				GCC_PREPROCESSOR_DEFINITIONS = (
					"DEBUG=1",
					"$(inherited)",
				);
				GCC_WARN_64_TO_32_BIT_CONVERSION = YES;
				GCC_WARN_ABOUT_RETURN_TYPE = YES_ERROR;
				GCC_WARN_UNDECLARED_SELECTOR = YES;
				GCC_WARN_UNINITIALIZED_AUTOS = YES_AGGRESSIVE;
				GCC_WARN_UNUSED_FUNCTION = YES;
				GCC_WARN_UNUSED_VARIABLE = YES;
				IPHONEOS_DEPLOYMENT_TARGET = 16.2;
				MTL_ENABLE_DEBUG_INFO = INCLUDE_SOURCE;
				MTL_FAST_MATH = YES;
				ONLY_ACTIVE_ARCH = YES;
				SDKROOT = iphoneos;
				SWIFT_ACTIVE_COMPILATION_CONDITIONS = DEBUG;
				SWIFT_OPTIMIZATION_LEVEL = "-Onone";
			};
			name = Debug;
		};
		FD894A112988FFE5003E759D /* Release */ = {
			isa = XCBuildConfiguration;
			buildSettings = {
				ALWAYS_SEARCH_USER_PATHS = NO;
				CLANG_ANALYZER_NONNULL = YES;
				CLANG_ANALYZER_NUMBER_OBJECT_CONVERSION = YES_AGGRESSIVE;
				CLANG_CXX_LANGUAGE_STANDARD = "gnu++20";
				CLANG_ENABLE_MODULES = YES;
				CLANG_ENABLE_OBJC_ARC = YES;
				CLANG_ENABLE_OBJC_WEAK = YES;
				CLANG_WARN_BLOCK_CAPTURE_AUTORELEASING = YES;
				CLANG_WARN_BOOL_CONVERSION = YES;
				CLANG_WARN_COMMA = YES;
				CLANG_WARN_CONSTANT_CONVERSION = YES;
				CLANG_WARN_DEPRECATED_OBJC_IMPLEMENTATIONS = YES;
				CLANG_WARN_DIRECT_OBJC_ISA_USAGE = YES_ERROR;
				CLANG_WARN_DOCUMENTATION_COMMENTS = YES;
				CLANG_WARN_EMPTY_BODY = YES;
				CLANG_WARN_ENUM_CONVERSION = YES;
				CLANG_WARN_INFINITE_RECURSION = YES;
				CLANG_WARN_INT_CONVERSION = YES;
				CLANG_WARN_NON_LITERAL_NULL_CONVERSION = YES;
				CLANG_WARN_OBJC_IMPLICIT_RETAIN_SELF = YES;
				CLANG_WARN_OBJC_LITERAL_CONVERSION = YES;
				CLANG_WARN_OBJC_ROOT_CLASS = YES_ERROR;
				CLANG_WARN_QUOTED_INCLUDE_IN_FRAMEWORK_HEADER = YES;
				CLANG_WARN_RANGE_LOOP_ANALYSIS = YES;
				CLANG_WARN_STRICT_PROTOTYPES = YES;
				CLANG_WARN_SUSPICIOUS_MOVE = YES;
				CLANG_WARN_UNGUARDED_AVAILABILITY = YES_AGGRESSIVE;
				CLANG_WARN_UNREACHABLE_CODE = YES;
				CLANG_WARN__DUPLICATE_METHOD_MATCH = YES;
				COPY_PHASE_STRIP = NO;
				DEBUG_INFORMATION_FORMAT = "dwarf-with-dsym";
				ENABLE_NS_ASSERTIONS = NO;
				ENABLE_STRICT_OBJC_MSGSEND = YES;
				GCC_C_LANGUAGE_STANDARD = gnu11;
				GCC_NO_COMMON_BLOCKS = YES;
				GCC_WARN_64_TO_32_BIT_CONVERSION = YES;
				GCC_WARN_ABOUT_RETURN_TYPE = YES_ERROR;
				GCC_WARN_UNDECLARED_SELECTOR = YES;
				GCC_WARN_UNINITIALIZED_AUTOS = YES_AGGRESSIVE;
				GCC_WARN_UNUSED_FUNCTION = YES;
				GCC_WARN_UNUSED_VARIABLE = YES;
				IPHONEOS_DEPLOYMENT_TARGET = 16.2;
				MTL_ENABLE_DEBUG_INFO = NO;
				MTL_FAST_MATH = YES;
				SDKROOT = iphoneos;
				SWIFT_COMPILATION_MODE = wholemodule;
				SWIFT_OPTIMIZATION_LEVEL = "-O";
				VALIDATE_PRODUCT = YES;
			};
			name = Release;
		};
		FD894A132988FFE5003E759D /* Debug */ = {
			isa = XCBuildConfiguration;
			buildSettings = {
				ASSETCATALOG_COMPILER_APPICON_NAME = AppIcon;
				ASSETCATALOG_COMPILER_GLOBAL_ACCENT_COLOR_NAME = AccentColor;
				CODE_SIGN_ENTITLEMENTS = galpi/galpi.entitlements;
				CODE_SIGN_STYLE = Automatic;
				CURRENT_PROJECT_VERSION = 1;
				DEVELOPMENT_ASSET_PATHS = "\"galpi/Preview Content\"";
				DEVELOPMENT_TEAM = 4K2FDLWHBL;
				ENABLE_PREVIEWS = YES;
				GENERATE_INFOPLIST_FILE = YES;
				INFOPLIST_KEY_UIApplicationSceneManifest_Generation = YES;
				INFOPLIST_KEY_UIApplicationSupportsIndirectInputEvents = YES;
				INFOPLIST_KEY_UILaunchScreen_Generation = YES;
				INFOPLIST_KEY_UISupportedInterfaceOrientations_iPad = "UIInterfaceOrientationPortrait UIInterfaceOrientationPortraitUpsideDown UIInterfaceOrientationLandscapeLeft UIInterfaceOrientationLandscapeRight";
				INFOPLIST_KEY_UISupportedInterfaceOrientations_iPhone = "UIInterfaceOrientationPortrait UIInterfaceOrientationLandscapeLeft UIInterfaceOrientationLandscapeRight";
				LD_RUNPATH_SEARCH_PATHS = (
					"$(inherited)",
					"@executable_path/Frameworks",
				);
				MARKETING_VERSION = 1.0;
				PRODUCT_BUNDLE_IDENTIFIER = com.pagination.galpi;
				PRODUCT_NAME = "$(TARGET_NAME)";
				SWIFT_EMIT_LOC_STRINGS = YES;
				SWIFT_VERSION = 5.0;
				TARGETED_DEVICE_FAMILY = "1,2";
			};
			name = Debug;
		};
		FD894A142988FFE5003E759D /* Release */ = {
			isa = XCBuildConfiguration;
			buildSettings = {
				ASSETCATALOG_COMPILER_APPICON_NAME = AppIcon;
				ASSETCATALOG_COMPILER_GLOBAL_ACCENT_COLOR_NAME = AccentColor;
				CODE_SIGN_ENTITLEMENTS = galpi/galpi.entitlements;
				CODE_SIGN_STYLE = Automatic;
				CURRENT_PROJECT_VERSION = 1;
				DEVELOPMENT_ASSET_PATHS = "\"galpi/Preview Content\"";
				DEVELOPMENT_TEAM = 4K2FDLWHBL;
				ENABLE_PREVIEWS = YES;
				GENERATE_INFOPLIST_FILE = YES;
				INFOPLIST_KEY_UIApplicationSceneManifest_Generation = YES;
				INFOPLIST_KEY_UIApplicationSupportsIndirectInputEvents = YES;
				INFOPLIST_KEY_UILaunchScreen_Generation = YES;
				INFOPLIST_KEY_UISupportedInterfaceOrientations_iPad = "UIInterfaceOrientationPortrait UIInterfaceOrientationPortraitUpsideDown UIInterfaceOrientationLandscapeLeft UIInterfaceOrientationLandscapeRight";
				INFOPLIST_KEY_UISupportedInterfaceOrientations_iPhone = "UIInterfaceOrientationPortrait UIInterfaceOrientationLandscapeLeft UIInterfaceOrientationLandscapeRight";
				LD_RUNPATH_SEARCH_PATHS = (
					"$(inherited)",
					"@executable_path/Frameworks",
				);
				MARKETING_VERSION = 1.0;
				PRODUCT_BUNDLE_IDENTIFIER = com.pagination.galpi;
				PRODUCT_NAME = "$(TARGET_NAME)";
				SWIFT_EMIT_LOC_STRINGS = YES;
				SWIFT_VERSION = 5.0;
				TARGETED_DEVICE_FAMILY = "1,2";
			};
			name = Release;
		};
		FD894A162988FFE5003E759D /* Debug */ = {
			isa = XCBuildConfiguration;
			buildSettings = {
				ALWAYS_EMBED_SWIFT_STANDARD_LIBRARIES = YES;
				BUNDLE_LOADER = "$(TEST_HOST)";
				CODE_SIGN_STYLE = Automatic;
				CURRENT_PROJECT_VERSION = 1;
				DEVELOPMENT_TEAM = 4K2FDLWHBL;
				GENERATE_INFOPLIST_FILE = YES;
				IPHONEOS_DEPLOYMENT_TARGET = 16.2;
				MARKETING_VERSION = 1.0;
				PRODUCT_BUNDLE_IDENTIFIER = com.pagination.galpiTests;
				PRODUCT_NAME = "$(TARGET_NAME)";
				SWIFT_EMIT_LOC_STRINGS = NO;
				SWIFT_VERSION = 5.0;
				TARGETED_DEVICE_FAMILY = "1,2";
				TEST_HOST = "$(BUILT_PRODUCTS_DIR)/galpi.app/$(BUNDLE_EXECUTABLE_FOLDER_PATH)/galpi";
			};
			name = Debug;
		};
		FD894A172988FFE5003E759D /* Release */ = {
			isa = XCBuildConfiguration;
			buildSettings = {
				ALWAYS_EMBED_SWIFT_STANDARD_LIBRARIES = YES;
				BUNDLE_LOADER = "$(TEST_HOST)";
				CODE_SIGN_STYLE = Automatic;
				CURRENT_PROJECT_VERSION = 1;
				DEVELOPMENT_TEAM = 4K2FDLWHBL;
				GENERATE_INFOPLIST_FILE = YES;
				IPHONEOS_DEPLOYMENT_TARGET = 16.2;
				MARKETING_VERSION = 1.0;
				PRODUCT_BUNDLE_IDENTIFIER = com.pagination.galpiTests;
				PRODUCT_NAME = "$(TARGET_NAME)";
				SWIFT_EMIT_LOC_STRINGS = NO;
				SWIFT_VERSION = 5.0;
				TARGETED_DEVICE_FAMILY = "1,2";
				TEST_HOST = "$(BUILT_PRODUCTS_DIR)/galpi.app/$(BUNDLE_EXECUTABLE_FOLDER_PATH)/galpi";
			};
			name = Release;
		};
		FD894A192988FFE5003E759D /* Debug */ = {
			isa = XCBuildConfiguration;
			buildSettings = {
				ALWAYS_EMBED_SWIFT_STANDARD_LIBRARIES = YES;
				CODE_SIGN_STYLE = Automatic;
				CURRENT_PROJECT_VERSION = 1;
				DEVELOPMENT_TEAM = 4K2FDLWHBL;
				GENERATE_INFOPLIST_FILE = YES;
				MARKETING_VERSION = 1.0;
				PRODUCT_BUNDLE_IDENTIFIER = com.pagination.galpiUITests;
				PRODUCT_NAME = "$(TARGET_NAME)";
				SWIFT_EMIT_LOC_STRINGS = NO;
				SWIFT_VERSION = 5.0;
				TARGETED_DEVICE_FAMILY = "1,2";
				TEST_TARGET_NAME = galpi;
			};
			name = Debug;
		};
		FD894A1A2988FFE5003E759D /* Release */ = {
			isa = XCBuildConfiguration;
			buildSettings = {
				ALWAYS_EMBED_SWIFT_STANDARD_LIBRARIES = YES;
				CODE_SIGN_STYLE = Automatic;
				CURRENT_PROJECT_VERSION = 1;
				DEVELOPMENT_TEAM = 4K2FDLWHBL;
				GENERATE_INFOPLIST_FILE = YES;
				MARKETING_VERSION = 1.0;
				PRODUCT_BUNDLE_IDENTIFIER = com.pagination.galpiUITests;
				PRODUCT_NAME = "$(TARGET_NAME)";
				SWIFT_EMIT_LOC_STRINGS = NO;
				SWIFT_VERSION = 5.0;
				TARGETED_DEVICE_FAMILY = "1,2";
				TEST_TARGET_NAME = galpi;
			};
			name = Release;
		};
/* End XCBuildConfiguration section */

/* Begin XCConfigurationList section */
		FD8949E92988FFE3003E759D /* Build configuration list for PBXProject "galpi" */ = {
			isa = XCConfigurationList;
			buildConfigurations = (
				FD894A102988FFE5003E759D /* Debug */,
				FD894A112988FFE5003E759D /* Release */,
			);
			defaultConfigurationIsVisible = 0;
			defaultConfigurationName = Release;
		};
		FD894A122988FFE5003E759D /* Build configuration list for PBXNativeTarget "galpi" */ = {
			isa = XCConfigurationList;
			buildConfigurations = (
				FD894A132988FFE5003E759D /* Debug */,
				FD894A142988FFE5003E759D /* Release */,
			);
			defaultConfigurationIsVisible = 0;
			defaultConfigurationName = Release;
		};
		FD894A152988FFE5003E759D /* Build configuration list for PBXNativeTarget "galpiTests" */ = {
			isa = XCConfigurationList;
			buildConfigurations = (
				FD894A162988FFE5003E759D /* Debug */,
				FD894A172988FFE5003E759D /* Release */,
			);
			defaultConfigurationIsVisible = 0;
			defaultConfigurationName = Release;
		};
		FD894A182988FFE5003E759D /* Build configuration list for PBXNativeTarget "galpiUITests" */ = {
			isa = XCConfigurationList;
			buildConfigurations = (
				FD894A192988FFE5003E759D /* Debug */,
				FD894A1A2988FFE5003E759D /* Release */,
			);
			defaultConfigurationIsVisible = 0;
			defaultConfigurationName = Release;
		};
/* End XCConfigurationList section */

/* Begin XCRemoteSwiftPackageReference section */
		FDA7E49F299829070040F0A3 /* XCRemoteSwiftPackageReference "firebase-ios-sdk" */ = {
			isa = XCRemoteSwiftPackageReference;
			repositoryURL = "https://github.com/firebase/firebase-ios-sdk";
			requirement = {
				kind = upToNextMajorVersion;
				minimumVersion = 9.0.0;
			};
		};
/* End XCRemoteSwiftPackageReference section */

/* Begin XCSwiftPackageProductDependency section */
		FDA7E4A0299829070040F0A3 /* FirebaseAnalytics */ = {
			isa = XCSwiftPackageProductDependency;
			package = FDA7E49F299829070040F0A3 /* XCRemoteSwiftPackageReference "firebase-ios-sdk" */;
			productName = FirebaseAnalytics;
		};
		FDA7E4A2299829070040F0A3 /* FirebaseAnalyticsSwift */ = {
			isa = XCSwiftPackageProductDependency;
			package = FDA7E49F299829070040F0A3 /* XCRemoteSwiftPackageReference "firebase-ios-sdk" */;
			productName = FirebaseAnalyticsSwift;
		};
		FDA7E4A4299829070040F0A3 /* FirebaseAuth */ = {
			isa = XCSwiftPackageProductDependency;
			package = FDA7E49F299829070040F0A3 /* XCRemoteSwiftPackageReference "firebase-ios-sdk" */;
			productName = FirebaseAuth;
		};
/* End XCSwiftPackageProductDependency section */
	};
	rootObject = FD8949E62988FFE3003E759D /* Project object */;
}
